
Microsoft Visual Studio Solution File, Format Version 12.00
# Visual Studio Version 16
VisualStudioVersion = 16.0.29519.181
MinimumVisualStudioVersion = 10.0.40219.1
Project("{FAE04EC0-301F-11D3-BF4B-00C04F79EFBC}") = "Proyecto_JC_Distribuidores", "Proyecto_JC_Distribuidores.csproj", "{E5EA2C92-1D88-4C8A-8DB3-512C6BD6C71D}"
EndProject
Global
	GlobalSection(SolutionConfigurationPlatforms) = preSolution
		Debug|Any CPU = Debug|Any CPU
		Release|Any CPU = Release|Any CPU
	EndGlobalSection
	GlobalSection(ProjectConfigurationPlatforms) = postSolution
		{E5EA2C92-1D88-4C8A-8DB3-512C6BD6C71D}.Debug|Any CPU.ActiveCfg = Debug|Any CPU
		{E5EA2C92-1D88-4C8A-8DB3-512C6BD6C71D}.Debug|Any CPU.Build.0 = Debug|Any CPU
		{E5EA2C92-1D88-4C8A-8DB3-512C6BD6C71D}.Release|Any CPU.ActiveCfg = Release|Any CPU
		{E5EA2C92-1D88-4C8A-8DB3-512C6BD6C71D}.Release|Any CPU.Build.0 = Release|Any CPU
	EndGlobalSection
	GlobalSection(SolutionProperties) = preSolution
		HideSolutionNode = FALSE
	EndGlobalSection
	GlobalSection(ExtensibilityGlobals) = postSolution
		SolutionGuid = {D10DDD58-C450-4A1D-A943-8566AB38064F}
	EndGlobalSection
EndGlobal
